{
  "requires": true,
  "lockfileVersion": 1,
  "dependencies": {
    "vanillatoasts": {
      "version": "1.6.0",
      "resolved": "https://registry.npmjs.org/vanillatoasts/-/vanillatoasts-1.6.0.tgz",
      "integrity": "sha512-NzQrbgDFZM2Q2dnt1cyFvZlc70Dn56ILKTx+YGX/9tLSXdWrU8TuxSHjIcaSWmanRS4LWOvsLApaDrNAtz5ZdQ=="
    }
  }
}
